// !$*UTF8*$!
{
	archiveVersion = 1;
	classes = {
	};
	objectVersion = 52;
	objects = {

/* Begin PBXBuildFile section */
		A628ABBE25F4EA4A003C1C6E /* FirebaseAuth in Frameworks */ = {isa = PBXBuildFile; productRef = A628ABBD25F4EA4A003C1C6E /* FirebaseAuth */; };
		A628ABC225F4EBFF003C1C6E /* GoogleService-Info.plist in Resources */ = {isa = PBXBuildFile; fileRef = A628ABC125F4EBFF003C1C6E /* GoogleService-Info.plist */; };
		A628ABC525F52F06003C1C6E /* ViewModel.swift in Sources */ = {isa = PBXBuildFile; fileRef = A628ABC425F52F06003C1C6E /* ViewModel.swift */; };
		A628ABC825F535C3003C1C6E /* Home.swift in Sources */ = {isa = PBXBuildFile; fileRef = A628ABC725F535C3003C1C6E /* Home.swift */; };
		A65F4DEB25F3977A00339279 /* SwiftUI_OTPApp.swift in Sources */ = {isa = PBXBuildFile; fileRef = A65F4DEA25F3977A00339279 /* SwiftUI_OTPApp.swift */; };
		A65F4DED25F3977A00339279 /* ContentView.swift in Sources */ = {isa = PBXBuildFile; fileRef = A65F4DEC25F3977A00339279 /* ContentView.swift */; };
		A65F4DEF25F3977D00339279 /* Assets.xcassets in Resources */ = {isa = PBXBuildFile; fileRef = A65F4DEE25F3977D00339279 /* Assets.xcassets */; };
		A65F4DF225F3977D00339279 /* Preview Assets.xcassets in Resources */ = {isa = PBXBuildFile; fileRef = A65F4DF125F3977D00339279 /* Preview Assets.xcassets */; };
		A65F4DF425F3977D00339279 /* Persistence.swift in Sources */ = {isa = PBXBuildFile; fileRef = A65F4DF325F3977D00339279 /* Persistence.swift */; };
		A65F4DF725F3977D00339279 /* SwiftUI_OTP.xcdatamodeld in Sources */ = {isa = PBXBuildFile; fileRef = A65F4DF525F3977D00339279 /* SwiftUI_OTP.xcdatamodeld */; };
		A65F4E0125F3997100339279 /* Login.swift in Sources */ = {isa = PBXBuildFile; fileRef = A65F4E0025F3997100339279 /* Login.swift */; };
		A65F4E0625F3E72D00339279 /* SwiftUIX in Frameworks */ = {isa = PBXBuildFile; productRef = A65F4E0525F3E72D00339279 /* SwiftUIX */; };
		A65F4E0E25F3FBF200339279 /* Verification.swift in Sources */ = {isa = PBXBuildFile; fileRef = A65F4E0D25F3FBF200339279 /* Verification.swift */; };
		A65F4E1125F4286B00339279 /* Done.swift in Sources */ = {isa = PBXBuildFile; fileRef = A65F4E1025F4286B00339279 /* Done.swift */; };
/* End PBXBuildFile section */

/* Begin PBXFileReference section */
		A628ABC125F4EBFF003C1C6E /* GoogleService-Info.plist */ = {isa = PBXFileReference; fileEncoding = 4; lastKnownFileType = text.plist.xml; name = "GoogleService-Info.plist"; path = "../../GoogleService-Info.plist"; sourceTree = "<group>"; };
		A628ABC425F52F06003C1C6E /* ViewModel.swift */ = {isa = PBXFileReference; lastKnownFileType = sourcecode.swift; path = ViewModel.swift; sourceTree = "<group>"; };
		A628ABC725F535C3003C1C6E /* Home.swift */ = {isa = PBXFileReference; lastKnownFileType = sourcecode.swift; path = Home.swift; sourceTree = "<group>"; };
		A65F4DE725F3977A00339279 /* SwiftUI OTP.app */ = {isa = PBXFileReference; explicitFileType = wrapper.application; includeInIndex = 0; path = "SwiftUI OTP.app"; sourceTree = BUILT_PRODUCTS_DIR; };
		A65F4DEA25F3977A00339279 /* SwiftUI_OTPApp.swift */ = {isa = PBXFileReference; lastKnownFileType = sourcecode.swift; path = SwiftUI_OTPApp.swift; sourceTree = "<group>"; };
		A65F4DEC25F3977A00339279 /* ContentView.swift */ = {isa = PBXFileReference; lastKnownFileType = sourcecode.swift; path = ContentView.swift; sourceTree = "<group>"; };
		A65F4DEE25F3977D00339279 /* Assets.xcassets */ = {isa = PBXFileReference; lastKnownFileType = folder.assetcatalog; path = Assets.xcassets; sourceTree = "<group>"; };
		A65F4DF125F3977D00339279 /* Preview Assets.xcassets */ = {isa = PBXFileReference; lastKnownFileType = folder.assetcatalog; path = "Preview Assets.xcassets"; sourceTree = "<group>"; };
		A65F4DF325F3977D00339279 /* Persistence.swift */ = {isa = PBXFileReference; lastKnownFileType = sourcecode.swift; path = Persistence.swift; sourceTree = "<group>"; };
		A65F4DF625F3977D00339279 /* SwiftUI_OTP.xcdatamodel */ = {isa = PBXFileReference; lastKnownFileType = wrapper.xcdatamodel; path = SwiftUI_OTP.xcdatamodel; sourceTree = "<group>"; };
		A65F4DF825F3977D00339279 /* Info.plist */ = {isa = PBXFileReference; lastKnownFileType = text.plist.xml; path = Info.plist; sourceTree = "<group>"; };
		A65F4E0025F3997100339279 /* Login.swift */ = {isa = PBXFileReference; lastKnownFileType = sourcecode.swift; path = Login.swift; sourceTree = "<group>"; };
		A65F4E0D25F3FBF200339279 /* Verification.swift */ = {isa = PBXFileReference; lastKnownFileType = sourcecode.swift; path = Verification.swift; sourceTree = "<group>"; };
		A65F4E1025F4286B00339279 /* Done.swift */ = {isa = PBXFileReference; lastKnownFileType = sourcecode.swift; path = Done.swift; sourceTree = "<group>"; };
/* End PBXFileReference section */

/* Begin PBXFrameworksBuildPhase section */
		A65F4DE425F3977A00339279 /* Frameworks */ = {
			isa = PBXFrameworksBuildPhase;
			buildActionMask = 2147483647;
			files = (
				A65F4E0625F3E72D00339279 /* SwiftUIX in Frameworks */,
				A628ABBE25F4EA4A003C1C6E /* FirebaseAuth in Frameworks */,
			);
			runOnlyForDeploymentPostprocessing = 0;
		};
/* End PBXFrameworksBuildPhase section */

/* Begin PBXGroup section */
		A65F4DDE25F3977A00339279 = {
			isa = PBXGroup;
			children = (
				A65F4DE925F3977A00339279 /* SwiftUI OTP */,
				A65F4DE825F3977A00339279 /* Products */,
			);
			sourceTree = "<group>";
		};
		A65F4DE825F3977A00339279 /* Products */ = {
			isa = PBXGroup;
			children = (
				A65F4DE725F3977A00339279 /* SwiftUI OTP.app */,
			);
			name = Products;
			sourceTree = "<group>";
		};
		A65F4DE925F3977A00339279 /* SwiftUI OTP */ = {
			isa = PBXGroup;
			children = (
				A628ABC125F4EBFF003C1C6E /* GoogleService-Info.plist */,
				A65F4E0825F3F54400339279 /* ViewModel */,
				A65F4DFF25F3994600339279 /* View */,
				A65F4DEA25F3977A00339279 /* SwiftUI_OTPApp.swift */,
				A65F4DEC25F3977A00339279 /* ContentView.swift */,
				A65F4DEE25F3977D00339279 /* Assets.xcassets */,
				A65F4DF325F3977D00339279 /* Persistence.swift */,
				A65F4DF825F3977D00339279 /* Info.plist */,
				A65F4DF525F3977D00339279 /* SwiftUI_OTP.xcdatamodeld */,
				A65F4DF025F3977D00339279 /* Preview Content */,
			);
			path = "SwiftUI OTP";
			sourceTree = "<group>";
		};
		A65F4DF025F3977D00339279 /* Preview Content */ = {
			isa = PBXGroup;
			children = (
				A65F4DF125F3977D00339279 /* Preview Assets.xcassets */,
			);
			path = "Preview Content";
			sourceTree = "<group>";
		};
		A65F4DFF25F3994600339279 /* View */ = {
			isa = PBXGroup;
			children = (
				A65F4E0025F3997100339279 /* Login.swift */,
				A65F4E0D25F3FBF200339279 /* Verification.swift */,
				A65F4E1025F4286B00339279 /* Done.swift */,
				A628ABC725F535C3003C1C6E /* Home.swift */,
			);
			path = View;
			sourceTree = "<group>";
		};
		A65F4E0825F3F54400339279 /* ViewModel */ = {
			isa = PBXGroup;
			children = (
				A628ABC425F52F06003C1C6E /* ViewModel.swift */,
			);
			path = ViewModel;
			sourceTree = "<group>";
		};
/* End PBXGroup section */

/* Begin PBXNativeTarget section */
		A65F4DE625F3977A00339279 /* SwiftUI OTP */ = {
			isa = PBXNativeTarget;
			buildConfigurationList = A65F4DFB25F3977D00339279 /* Build configuration list for PBXNativeTarget "SwiftUI OTP" */;
			buildPhases = (
				A65F4DE325F3977A00339279 /* Sources */,
				A65F4DE425F3977A00339279 /* Frameworks */,
				A65F4DE525F3977A00339279 /* Resources */,
			);
			buildRules = (
			);
			dependencies = (
			);
			name = "SwiftUI OTP";
			packageProductDependencies = (
				A65F4E0525F3E72D00339279 /* SwiftUIX */,
				A628ABBD25F4EA4A003C1C6E /* FirebaseAuth */,
			);
			productName = "SwiftUI OTP";
			productReference = A65F4DE725F3977A00339279 /* SwiftUI OTP.app */;
			productType = "com.apple.product-type.application";
		};
/* End PBXNativeTarget section */

/* Begin PBXProject section */
		A65F4DDF25F3977A00339279 /* Project object */ = {
			isa = PBXProject;
			attributes = {
				LastSwiftUpdateCheck = 1240;
				LastUpgradeCheck = 1240;
				TargetAttributes = {
					A65F4DE625F3977A00339279 = {
						CreatedOnToolsVersion = 12.4;
					};
				};
			};
			buildConfigurationList = A65F4DE225F3977A00339279 /* Build configuration list for PBXProject "SwiftUI OTP" */;
			compatibilityVersion = "Xcode 9.3";
			developmentRegion = en;
			hasScannedForEncodings = 0;
			knownRegions = (
				en,
				Base,
			);
			mainGroup = A65F4DDE25F3977A00339279;
			packageReferences = (
				A65F4E0425F3E72D00339279 /* XCRemoteSwiftPackageReference "SwiftUIX" */,
				A628ABBC25F4EA4A003C1C6E /* XCRemoteSwiftPackageReference "firebase-ios-sdk" */,
			);
			productRefGroup = A65F4DE825F3977A00339279 /* Products */;
			projectDirPath = "";
			projectRoot = "";
			targets = (
				A65F4DE625F3977A00339279 /* SwiftUI OTP */,
			);
		};
/* End PBXProject section */

/* Begin PBXResourcesBuildPhase section */
		A65F4DE525F3977A00339279 /* Resources */ = {
			isa = PBXResourcesBuildPhase;
			buildActionMask = 2147483647;
			files = (
				A65F4DF225F3977D00339279 /* Preview Assets.xcassets in Resources */,
				A65F4DEF25F3977D00339279 /* Assets.xcassets in Resources */,
				A628ABC225F4EBFF003C1C6E /* GoogleService-Info.plist in Resources */,
			);
			runOnlyForDeploymentPostprocessing = 0;
		};
/* End PBXResourcesBuildPhase section */

/* Begin PBXSourcesBuildPhase section */
		A65F4DE325F3977A00339279 /* Sources */ = {
			isa = PBXSourcesBuildPhase;
			buildActionMask = 2147483647;
			files = (
				A65F4DF425F3977D00339279 /* Persistence.swift in Sources */,
				A65F4E0125F3997100339279 /* Login.swift in Sources */,
				A65F4DF725F3977D00339279 /* SwiftUI_OTP.xcdatamodeld in Sources */,
				A65F4E1125F4286B00339279 /* Done.swift in Sources */,
				A628ABC825F535C3003C1C6E /* Home.swift in Sources */,
				A65F4E0E25F3FBF200339279 /* Verification.swift in Sources */,
				A65F4DED25F3977A00339279 /* ContentView.swift in Sources */,
				A628ABC525F52F06003C1C6E /* ViewModel.swift in Sources */,
				A65F4DEB25F3977A00339279 /* SwiftUI_OTPApp.swift in Sources */,
			);
			runOnlyForDeploymentPostprocessing = 0;
		};
/* End PBXSourcesBuildPhase section */

/* Begin XCBuildConfiguration section */
		A65F4DF925F3977D00339279 /* Debug */ = {
			isa = XCBuildConfiguration;
			buildSettings = {
				ALWAYS_SEARCH_USER_PATHS = NO;
				CLANG_ANALYZER_NONNULL = YES;
				CLANG_ANALYZER_NUMBER_OBJECT_CONVERSION = YES_AGGRESSIVE;
				CLANG_CXX_LANGUAGE_STANDARD = "gnu++14";
				CLANG_CXX_LIBRARY = "libc++";
				CLANG_ENABLE_MODULES = YES;
				CLANG_ENABLE_OBJC_ARC = YES;
				CLANG_ENABLE_OBJC_WEAK = YES;
				CLANG_WARN_BLOCK_CAPTURE_AUTORELEASING = YES;
				CLANG_WARN_BOOL_CONVERSION = YES;
				CLANG_WARN_COMMA = YES;
				CLANG_WARN_CONSTANT_CONVERSION = YES;
				CLANG_WARN_DEPRECATED_OBJC_IMPLEMENTATIONS = YES;
				CLANG_WARN_DIRECT_OBJC_ISA_USAGE = YES_ERROR;
				CLANG_WARN_DOCUMENTATION_COMMENTS = YES;
				CLANG_WARN_EMPTY_BODY = YES;
				CLANG_WARN_ENUM_CONVERSION = YES;
				CLANG_WARN_INFINITE_RECURSION = YES;
				CLANG_WARN_INT_CONVERSION = YES;
				CLANG_WARN_NON_LITERAL_NULL_CONVERSION = YES;
				CLANG_WARN_OBJC_IMPLICIT_RETAIN_SELF = YES;
				CLANG_WARN_OBJC_LITERAL_CONVERSION = YES;
				CLANG_WARN_OBJC_ROOT_CLASS = YES_ERROR;
				CLANG_WARN_QUOTED_INCLUDE_IN_FRAMEWORK_HEADER = YES;
				CLANG_WARN_RANGE_LOOP_ANALYSIS = YES;
				CLANG_WARN_STRICT_PROTOTYPES = YES;
				CLANG_WARN_SUSPICIOUS_MOVE = YES;
				CLANG_WARN_UNGUARDED_AVAILABILITY = YES_AGGRESSIVE;
				CLANG_WARN_UNREACHABLE_CODE = YES;
				CLANG_WARN__DUPLICATE_METHOD_MATCH = YES;
				COPY_PHASE_STRIP = NO;
				DEBUG_INFORMATION_FORMAT = dwarf;
				ENABLE_STRICT_OBJC_MSGSEND = YES;
				ENABLE_TESTABILITY = YES;
				GCC_C_LANGUAGE_STANDARD = gnu11;
				GCC_DYNAMIC_NO_PIC = NO;
				GCC_NO_COMMON_BLOCKS = YES;
				GCC_OPTIMIZATION_LEVEL = 0;
				GCC_PREPROCESSOR_DEFINITIONS = (
					"DEBUG=1",
					"$(inherited)",
				);
				GCC_WARN_64_TO_32_BIT_CONVERSION = YES;
				GCC_WARN_ABOUT_RETURN_TYPE = YES_ERROR;
				GCC_WARN_UNDECLARED_SELECTOR = YES;
				GCC_WARN_UNINITIALIZED_AUTOS = YES_AGGRESSIVE;
				GCC_WARN_UNUSED_FUNCTION = YES;
				GCC_WARN_UNUSED_VARIABLE = YES;
				IPHONEOS_DEPLOYMENT_TARGET = 14.4;
				MTL_ENABLE_DEBUG_INFO = INCLUDE_SOURCE;
				MTL_FAST_MATH = YES;
				ONLY_ACTIVE_ARCH = YES;
				SDKROOT = iphoneos;
				SWIFT_ACTIVE_COMPILATION_CONDITIONS = DEBUG;
				SWIFT_OPTIMIZATION_LEVEL = "-Onone";
			};
			name = Debug;
		};
		A65F4DFA25F3977D00339279 /* Release */ = {
			isa = XCBuildConfiguration;
			buildSettings = {
				ALWAYS_SEARCH_USER_PATHS = NO;
				CLANG_ANALYZER_NONNULL = YES;
				CLANG_ANALYZER_NUMBER_OBJECT_CONVERSION = YES_AGGRESSIVE;
				CLANG_CXX_LANGUAGE_STANDARD = "gnu++14";
				CLANG_CXX_LIBRARY = "libc++";
				CLANG_ENABLE_MODULES = YES;
				CLANG_ENABLE_OBJC_ARC = YES;
				CLANG_ENABLE_OBJC_WEAK = YES;
				CLANG_WARN_BLOCK_CAPTURE_AUTORELEASING = YES;
				CLANG_WARN_BOOL_CONVERSION = YES;
				CLANG_WARN_COMMA = YES;
				CLANG_WARN_CONSTANT_CONVERSION = YES;
				CLANG_WARN_DEPRECATED_OBJC_IMPLEMENTATIONS = YES;
				CLANG_WARN_DIRECT_OBJC_ISA_USAGE = YES_ERROR;
				CLANG_WARN_DOCUMENTATION_COMMENTS = YES;
				CLANG_WARN_EMPTY_BODY = YES;
				CLANG_WARN_ENUM_CONVERSION = YES;
				CLANG_WARN_INFINITE_RECURSION = YES;
				CLANG_WARN_INT_CONVERSION = YES;
				CLANG_WARN_NON_LITERAL_NULL_CONVERSION = YES;
				CLANG_WARN_OBJC_IMPLICIT_RETAIN_SELF = YES;
				CLANG_WARN_OBJC_LITERAL_CONVERSION = YES;
				CLANG_WARN_OBJC_ROOT_CLASS = YES_ERROR;
				CLANG_WARN_QUOTED_INCLUDE_IN_FRAMEWORK_HEADER = YES;
				CLANG_WARN_RANGE_LOOP_ANALYSIS = YES;
				CLANG_WARN_STRICT_PROTOTYPES = YES;
				CLANG_WARN_SUSPICIOUS_MOVE = YES;
				CLANG_WARN_UNGUARDED_AVAILABILITY = YES_AGGRESSIVE;
				CLANG_WARN_UNREACHABLE_CODE = YES;
				CLANG_WARN__DUPLICATE_METHOD_MATCH = YES;
				COPY_PHASE_STRIP = NO;
				DEBUG_INFORMATION_FORMAT = "dwarf-with-dsym";
				ENABLE_NS_ASSERTIONS = NO;
				ENABLE_STRICT_OBJC_MSGSEND = YES;
				GCC_C_LANGUAGE_STANDARD = gnu11;
				GCC_NO_COMMON_BLOCKS = YES;
				GCC_WARN_64_TO_32_BIT_CONVERSION = YES;
				GCC_WARN_ABOUT_RETURN_TYPE = YES_ERROR;
				GCC_WARN_UNDECLARED_SELECTOR = YES;
				GCC_WARN_UNINITIALIZED_AUTOS = YES_AGGRESSIVE;
				GCC_WARN_UNUSED_FUNCTION = YES;
				GCC_WARN_UNUSED_VARIABLE = YES;
				IPHONEOS_DEPLOYMENT_TARGET = 14.4;
				MTL_ENABLE_DEBUG_INFO = NO;
				MTL_FAST_MATH = YES;
				SDKROOT = iphoneos;
				SWIFT_COMPILATION_MODE = wholemodule;
				SWIFT_OPTIMIZATION_LEVEL = "-O";
				VALIDATE_PRODUCT = YES;
			};
			name = Release;
		};
		A65F4DFC25F3977D00339279 /* Debug */ = {
			isa = XCBuildConfiguration;
			buildSettings = {
				ASSETCATALOG_COMPILER_APPICON_NAME = AppIcon;
				ASSETCATALOG_COMPILER_GLOBAL_ACCENT_COLOR_NAME = AccentColor;
				CODE_SIGN_STYLE = Automatic;
				DEVELOPMENT_ASSET_PATHS = "\"SwiftUI OTP/Preview Content\"";
				DEVELOPMENT_TEAM = 5ZSUA7833L;
				ENABLE_PREVIEWS = YES;
				INFOPLIST_FILE = "SwiftUI OTP/Info.plist";
				IPHONEOS_DEPLOYMENT_TARGET = 14.0;
				LD_RUNPATH_SEARCH_PATHS = (
					"$(inherited)",
					"@executable_path/Frameworks",
				);
				PRODUCT_BUNDLE_IDENTIFIER = "com.github.luthfipun.SwiftUI-OTP";
				PRODUCT_NAME = "$(TARGET_NAME)";
				SWIFT_VERSION = 5.0;
				TARGETED_DEVICE_FAMILY = "1,2";
			};
			name = Debug;
		};
		A65F4DFD25F3977D00339279 /* Release */ = {
			isa = XCBuildConfiguration;
			buildSettings = {
				ASSETCATALOG_COMPILER_APPICON_NAME = AppIcon;
				ASSETCATALOG_COMPILER_GLOBAL_ACCENT_COLOR_NAME = AccentColor;
				CODE_SIGN_STYLE = Automatic;
				DEVELOPMENT_ASSET_PATHS = "\"SwiftUI OTP/Preview Content\"";
				DEVELOPMENT_TEAM = 5ZSUA7833L;
				ENABLE_PREVIEWS = YES;
				INFOPLIST_FILE = "SwiftUI OTP/Info.plist";
				IPHONEOS_DEPLOYMENT_TARGET = 14.0;
				LD_RUNPATH_SEARCH_PATHS = (
					"$(inherited)",
					"@executable_path/Frameworks",
				);
				PRODUCT_BUNDLE_IDENTIFIER = "com.github.luthfipun.SwiftUI-OTP";
				PRODUCT_NAME = "$(TARGET_NAME)";
				SWIFT_VERSION = 5.0;
				TARGETED_DEVICE_FAMILY = "1,2";
			};
			name = Release;
		};
/* End XCBuildConfiguration section */

/* Begin XCConfigurationList section */
		A65F4DE225F3977A00339279 /* Build configuration list for PBXProject "SwiftUI OTP" */ = {
			isa = XCConfigurationList;
			buildConfigurations = (
				A65F4DF925F3977D00339279 /* Debug */,
				A65F4DFA25F3977D00339279 /* Release */,
			);
			defaultConfigurationIsVisible = 0;
			defaultConfigurationName = Release;
		};
		A65F4DFB25F3977D00339279 /* Build configuration list for PBXNativeTarget "SwiftUI OTP" */ = {
			isa = XCConfigurationList;
			buildConfigurations = (
				A65F4DFC25F3977D00339279 /* Debug */,
				A65F4DFD25F3977D00339279 /* Release */,
			);
			defaultConfigurationIsVisible = 0;
			defaultConfigurationName = Release;
		};
/* End XCConfigurationList section */

/* Begin XCRemoteSwiftPackageReference section */
		A628ABBC25F4EA4A003C1C6E /* XCRemoteSwiftPackageReference "firebase-ios-sdk" */ = {
			isa = XCRemoteSwiftPackageReference;
			repositoryURL = "https://github.com/firebase/firebase-ios-sdk.git";
			requirement = {
				kind = upToNextMajorVersion;
				minimumVersion = 7.7.0;
			};
		};
		A65F4E0425F3E72D00339279 /* XCRemoteSwiftPackageReference "SwiftUIX" */ = {
			isa = XCRemoteSwiftPackageReference;
			repositoryURL = "https://github.com/SwiftUIX/SwiftUIX.git";
			requirement = {
				kind = upToNextMajorVersion;
				minimumVersion = 0.0.5;
			};
		};
/* End XCRemoteSwiftPackageReference section */

/* Begin XCSwiftPackageProductDependency section */
		A628ABBD25F4EA4A003C1C6E /* FirebaseAuth */ = {
			isa = XCSwiftPackageProductDependency;
			package = A628ABBC25F4EA4A003C1C6E /* XCRemoteSwiftPackageReference "firebase-ios-sdk" */;
			productName = FirebaseAuth;
		};
		A65F4E0525F3E72D00339279 /* SwiftUIX */ = {
			isa = XCSwiftPackageProductDependency;
			package = A65F4E0425F3E72D00339279 /* XCRemoteSwiftPackageReference "SwiftUIX" */;
			productName = SwiftUIX;
		};
/* End XCSwiftPackageProductDependency section */

/* Begin XCVersionGroup section */
		A65F4DF525F3977D00339279 /* SwiftUI_OTP.xcdatamodeld */ = {
			isa = XCVersionGroup;
			children = (
				A65F4DF625F3977D00339279 /* SwiftUI_OTP.xcdatamodel */,
			);
			currentVersion = A65F4DF625F3977D00339279 /* SwiftUI_OTP.xcdatamodel */;
			path = SwiftUI_OTP.xcdatamodeld;
			sourceTree = "<group>";
			versionGroupType = wrapper.xcdatamodel;
		};
/* End XCVersionGroup section */
	};
	rootObject = A65F4DDF25F3977A00339279 /* Project object */;
}
